
Microsoft Visual Studio Solution File, Format Version 12.00
# Visual Studio Version 17
VisualStudioVersion = 17.9.34902.65
MinimumVisualStudioVersion = 10.0.40219.1
Project("{9A19103F-16F7-4668-BE54-9A1E7A4F7556}") = "ShowTrack.Web", "src\ShowTrack.Web\ShowTrack.Web.csproj", "{5FA8D607-925C-48F4-8DBA-FA4AE7EC064F}"
EndProject
Project("{9A19103F-16F7-4668-BE54-9A1E7A4F7556}") = "ShowTrack.Data", "src\ShowTrack.Data\ShowTrack.Data.csproj", "{734059CD-DE56-47D6-BA3E-A3D5BC846C30}"
EndProject
Project("{2150E333-8FDC-42A3-9474-1A3956D46DE8}") = "Solution Items", "Solution Items", "{6A85BE02-1EDA-4C4F-A8A7-F6677C6789CB}"
	ProjectSection(SolutionItems) = preProject
		.editorconfig = .editorconfig
	EndProjectSection
EndProject
Project("{2150E333-8FDC-42A3-9474-1A3956D46DE8}") = "Migrators", "Migrators", "{CF52021D-8AD2-4D1E-BB6F-7E3BDA1D0C23}"
EndProject
Project("{9A19103F-16F7-4668-BE54-9A1E7A4F7556}") = "SqlServerMigrator", "src\Migrators\SqlServerMigrator\SqlServerMigrator.csproj", "{65425843-B543-4D4D-BA90-D7AF26CAE01C}"
EndProject
Project("{9A19103F-16F7-4668-BE54-9A1E7A4F7556}") = "PostgresqlMigrator", "src\Migrators\PostgreSQLMigrator\PostgresqlMigrator.csproj", "{BDD5C30E-031F-425A-B105-085546930A83}"
EndProject
Project("{FAE04EC0-301F-11D3-BF4B-00C04F79EFBC}") = "ShowTrack.Domain", "ShowTrack.Domain\ShowTrack.Domain.csproj", "{B16078B4-2C1B-4DE5-99B6-9AAB244079F1}"
EndProject
Global
	GlobalSection(SolutionConfigurationPlatforms) = preSolution
		Debug|Any CPU = Debug|Any CPU
		Release|Any CPU = Release|Any CPU
	EndGlobalSection
	GlobalSection(ProjectConfigurationPlatforms) = postSolution
		{5FA8D607-925C-48F4-8DBA-FA4AE7EC064F}.Debug|Any CPU.ActiveCfg = Debug|Any CPU
		{5FA8D607-925C-48F4-8DBA-FA4AE7EC064F}.Debug|Any CPU.Build.0 = Debug|Any CPU
		{5FA8D607-925C-48F4-8DBA-FA4AE7EC064F}.Release|Any CPU.ActiveCfg = Release|Any CPU
		{5FA8D607-925C-48F4-8DBA-FA4AE7EC064F}.Release|Any CPU.Build.0 = Release|Any CPU
		{734059CD-DE56-47D6-BA3E-A3D5BC846C30}.Debug|Any CPU.ActiveCfg = Debug|Any CPU
		{734059CD-DE56-47D6-BA3E-A3D5BC846C30}.Debug|Any CPU.Build.0 = Debug|Any CPU
		{734059CD-DE56-47D6-BA3E-A3D5BC846C30}.Release|Any CPU.ActiveCfg = Release|Any CPU
		{734059CD-DE56-47D6-BA3E-A3D5BC846C30}.Release|Any CPU.Build.0 = Release|Any CPU
		{65425843-B543-4D4D-BA90-D7AF26CAE01C}.Debug|Any CPU.ActiveCfg = Debug|Any CPU
		{65425843-B543-4D4D-BA90-D7AF26CAE01C}.Debug|Any CPU.Build.0 = Debug|Any CPU
		{65425843-B543-4D4D-BA90-D7AF26CAE01C}.Release|Any CPU.ActiveCfg = Release|Any CPU
		{65425843-B543-4D4D-BA90-D7AF26CAE01C}.Release|Any CPU.Build.0 = Release|Any CPU
		{BDD5C30E-031F-425A-B105-085546930A83}.Debug|Any CPU.ActiveCfg = Debug|Any CPU
		{BDD5C30E-031F-425A-B105-085546930A83}.Debug|Any CPU.Build.0 = Debug|Any CPU
		{BDD5C30E-031F-425A-B105-085546930A83}.Release|Any CPU.ActiveCfg = Release|Any CPU
		{BDD5C30E-031F-425A-B105-085546930A83}.Release|Any CPU.Build.0 = Release|Any CPU
		{B16078B4-2C1B-4DE5-99B6-9AAB244079F1}.Debug|Any CPU.ActiveCfg = Debug|Any CPU
		{B16078B4-2C1B-4DE5-99B6-9AAB244079F1}.Debug|Any CPU.Build.0 = Debug|Any CPU
		{B16078B4-2C1B-4DE5-99B6-9AAB244079F1}.Release|Any CPU.ActiveCfg = Release|Any CPU
		{B16078B4-2C1B-4DE5-99B6-9AAB244079F1}.Release|Any CPU.Build.0 = Release|Any CPU
	EndGlobalSection
	GlobalSection(SolutionProperties) = preSolution
		HideSolutionNode = FALSE
	EndGlobalSection
	GlobalSection(NestedProjects) = preSolution
		{65425843-B543-4D4D-BA90-D7AF26CAE01C} = {CF52021D-8AD2-4D1E-BB6F-7E3BDA1D0C23}
		{BDD5C30E-031F-425A-B105-085546930A83} = {CF52021D-8AD2-4D1E-BB6F-7E3BDA1D0C23}
	EndGlobalSection
	GlobalSection(ExtensibilityGlobals) = postSolution
		SolutionGuid = {0DABFD82-8ABD-45DC-84AD-8548EDC5616A}
	EndGlobalSection
EndGlobal
